--- 
dependencies: 
  activerecord: 
    group: 
    - :default
    version: = 3.0.0.beta3
  sqlite3-ruby: 
    group: 
    - :test
    version: ">= 0"
  rspec: 
    group: 
    - :test
    version: = 2.0.0.beta.11
specs: 
- builder: 
    version: 2.1.2
- i18n: 
    version: 0.3.7
- memcache-client: 
    version: 1.8.3
- tzinfo: 
    version: 0.3.22
- activesupport: 
    version: 3.0.0.beta3
- activemodel: 
    version: 3.0.0.beta3
- arel: 
    version: 0.3.3
- activerecord: 
    version: 3.0.0.beta3
- diff-lcs: 
    version: 1.1.2
- rspec-core: 
    version: 2.0.0.beta.11
- rspec-expectations: 
    version: 2.0.0.beta.11
- rspec-mocks: 
    version: 2.0.0.beta.11
- rspec: 
    version: 2.0.0.beta.11
- sqlite3-ruby: 
    version: 1.3.0
hash: be847408d258322773da2f23de839b851d6db95e
sources: 
- Rubygems: 
    uri: http://rubygems.org
